{
	"name": "vscode-star-rod",
	"version": "1.0.2",
	"lockfileVersion": 1,
	"requires": true,
	"dependencies": {
		"@types/moo": {
			"version": "0.5.3",
			"resolved": "https://registry.npmjs.org/@types/moo/-/moo-0.5.3.tgz",
			"integrity": "sha512-PJJ/jvb5Gor8DWvXN3e75njfQyYNRz0PaFSZ3br9GfHM9N2FxvuJ/E/ytcQePJOLzHlvgFSsIJIvfUMUxWTbnA==",
			"dev": true
		},
		"@types/nearley": {
			"version": "2.11.1",
			"resolved": "https://registry.npmjs.org/@types/nearley/-/nearley-2.11.1.tgz",
			"integrity": "sha512-oaAg5gn74VFpPYs6Ou2pjDao3WJxnlnH29q9rLOxSGb0PTw2QtBQcTAN9xs1OAHrtI9En5kIXKM96stf7//c9w==",
			"dev": true
		},
		"@types/node": {
			"version": "14.0.5",
			"resolved": "https://registry.npmjs.org/@types/node/-/node-14.0.5.tgz",
			"integrity": "sha512-90hiq6/VqtQgX8Sp0EzeIsv3r+ellbGj4URKj5j30tLlZvRUpnAe9YbYnjl3pJM93GyXU0tghHhvXHq+5rnCKA==",
			"dev": true
		},
		"@types/vscode": {
			"version": "1.43.0",
			"resolved": "https://registry.npmjs.org/@types/vscode/-/vscode-1.43.0.tgz",
			"integrity": "sha512-kIaR9qzd80rJOxePKpCB/mdy00mz8Apt2QA5Y6rdrKFn13QNFNeP3Hzmsf37Bwh/3cS7QjtAeGSK7wSqAU0sYQ==",
			"dev": true
		},
		"fix-whitespace": {
			"version": "1.0.3",
			"resolved": "https://registry.npmjs.org/fix-whitespace/-/fix-whitespace-1.0.3.tgz",
			"integrity": "sha1-eTVKgWzBKguT+HTkxeA8S5mR9pU="
		},
		"moo": {
			"version": "0.5.1",
			"resolved": "https://registry.npmjs.org/moo/-/moo-0.5.1.tgz",
			"integrity": "sha512-I1mnb5xn4fO80BH9BLcF0yLypy2UKl+Cb01Fu0hJRkJjlCRtxZMWkTdAtDd5ZqCOxtCkhmRwyI57vWT+1iZ67w=="
		},
		"typescript": {
			"version": "3.9.3",
			"resolved": "https://registry.npmjs.org/typescript/-/typescript-3.9.3.tgz",
			"integrity": "sha512-D/wqnB2xzNFIcoBG9FG8cXRDjiqSTbG2wd8DMZeQyJlP1vfTkIxH4GKveWaEBYySKIg+USu+E+EDIR47SqnaMQ==",
			"dev": true
		}
	}
}
